
Microsoft Visual Studio Solution File, Format Version 12.00
# Visual Studio Version 17
VisualStudioVersion = 17.8.34309.116
MinimumVisualStudioVersion = 10.0.40219.1
Project("{8BC9CEB8-8B4A-11D0-8D11-00A0C91BC942}") = "Test", "Test.vcxproj", "{FB10EF0B-F516-4023-AB01-F82598B307F7}"
	ProjectSection(ProjectDependencies) = postProject
		{B41CAAA0-14FE-40D8-9689-84F7E3ED0A8A} = {B41CAAA0-14FE-40D8-9689-84F7E3ED0A8A}
	EndProjectSection
EndProject
Project("{8BC9CEB8-8B4A-11D0-8D11-00A0C91BC942}") = "aha", "aha\aha.vcxproj", "{B41CAAA0-14FE-40D8-9689-84F7E3ED0A8A}"
EndProject
Global
	GlobalSection(SolutionConfigurationPlatforms) = preSolution
		Debug|x64 = Debug|x64
		Release|x64 = Release|x64
	EndGlobalSection
	GlobalSection(ProjectConfigurationPlatforms) = postSolution
		{FB10EF0B-F516-4023-AB01-F82598B307F7}.Debug|x64.ActiveCfg = Debug|x64
		{FB10EF0B-F516-4023-AB01-F82598B307F7}.Debug|x64.Build.0 = Debug|x64
		{FB10EF0B-F516-4023-AB01-F82598B307F7}.Release|x64.ActiveCfg = Release|x64
		{FB10EF0B-F516-4023-AB01-F82598B307F7}.Release|x64.Build.0 = Release|x64
		{B41CAAA0-14FE-40D8-9689-84F7E3ED0A8A}.Debug|x64.ActiveCfg = Debug|x64
		{B41CAAA0-14FE-40D8-9689-84F7E3ED0A8A}.Debug|x64.Build.0 = Debug|x64
		{B41CAAA0-14FE-40D8-9689-84F7E3ED0A8A}.Release|x64.ActiveCfg = Release|x64
		{B41CAAA0-14FE-40D8-9689-84F7E3ED0A8A}.Release|x64.Build.0 = Release|x64
	EndGlobalSection
	GlobalSection(SolutionProperties) = preSolution
		HideSolutionNode = FALSE
	EndGlobalSection
	GlobalSection(ExtensibilityGlobals) = postSolution
		SolutionGuid = {2993CC5D-6DC0-4FB9-9324-C1CFF8FBA685}
	EndGlobalSection
EndGlobal
